// !$*UTF8*$!
{
	archiveVersion = 1;
	classes = {
	};
	objectVersion = 50;
	objects = {

/* Begin PBXBuildFile section */
		6F1E43622567F11400C875AE /* AppDelegate.swift in Sources */ = {isa = PBXBuildFile; fileRef = 6F1E43612567F11400C875AE /* AppDelegate.swift */; };
		6F1E43642567F11400C875AE /* SceneDelegate.swift in Sources */ = {isa = PBXBuildFile; fileRef = 6F1E43632567F11400C875AE /* SceneDelegate.swift */; };
		6F1E43662567F11400C875AE /* ViewController.swift in Sources */ = {isa = PBXBuildFile; fileRef = 6F1E43652567F11400C875AE /* ViewController.swift */; };
		6F1E43692567F11400C875AE /* Main.storyboard in Resources */ = {isa = PBXBuildFile; fileRef = 6F1E43672567F11400C875AE /* Main.storyboard */; };
		6F1E436B2567F11600C875AE /* Assets.xcassets in Resources */ = {isa = PBXBuildFile; fileRef = 6F1E436A2567F11600C875AE /* Assets.xcassets */; };
		6F1E436E2567F11600C875AE /* LaunchScreen.storyboard in Resources */ = {isa = PBXBuildFile; fileRef = 6F1E436C2567F11600C875AE /* LaunchScreen.storyboard */; };
		6F25C3B62567F5A500B7C910 /* .gitignore in Resources */ = {isa = PBXBuildFile; fileRef = 6F25C3B52567F5A500B7C910 /* .gitignore */; };
/* End PBXBuildFile section */

/* Begin PBXFileReference section */
		6F1E435E2567F11400C875AE /* OTP.app */ = {isa = PBXFileReference; explicitFileType = wrapper.application; includeInIndex = 0; path = OTP.app; sourceTree = BUILT_PRODUCTS_DIR; };
		6F1E43612567F11400C875AE /* AppDelegate.swift */ = {isa = PBXFileReference; lastKnownFileType = sourcecode.swift; path = AppDelegate.swift; sourceTree = "<group>"; };
		6F1E43632567F11400C875AE /* SceneDelegate.swift */ = {isa = PBXFileReference; lastKnownFileType = sourcecode.swift; path = SceneDelegate.swift; sourceTree = "<group>"; };
		6F1E43652567F11400C875AE /* ViewController.swift */ = {isa = PBXFileReference; lastKnownFileType = sourcecode.swift; path = ViewController.swift; sourceTree = "<group>"; };
		6F1E43682567F11400C875AE /* Base */ = {isa = PBXFileReference; lastKnownFileType = file.storyboard; name = Base; path = Base.lproj/Main.storyboard; sourceTree = "<group>"; };
		6F1E436A2567F11600C875AE /* Assets.xcassets */ = {isa = PBXFileReference; lastKnownFileType = folder.assetcatalog; path = Assets.xcassets; sourceTree = "<group>"; };
		6F1E436D2567F11600C875AE /* Base */ = {isa = PBXFileReference; lastKnownFileType = file.storyboard; name = Base; path = Base.lproj/LaunchScreen.storyboard; sourceTree = "<group>"; };
		6F1E436F2567F11600C875AE /* Info.plist */ = {isa = PBXFileReference; lastKnownFileType = text.plist.xml; path = Info.plist; sourceTree = "<group>"; };
		6F25C3B52567F5A500B7C910 /* .gitignore */ = {isa = PBXFileReference; lastKnownFileType = text; path = .gitignore; sourceTree = "<group>"; };
/* End PBXFileReference section */

/* Begin PBXFrameworksBuildPhase section */
		6F1E435B2567F11400C875AE /* Frameworks */ = {
			isa = PBXFrameworksBuildPhase;
			buildActionMask = 2147483647;
			files = (
			);
			runOnlyForDeploymentPostprocessing = 0;
		};
/* End PBXFrameworksBuildPhase section */

/* Begin PBXGroup section */
		6F1E43552567F11400C875AE = {
			isa = PBXGroup;
			children = (
				6F1E43602567F11400C875AE /* OTP */,
				6F1E435F2567F11400C875AE /* Products */,
			);
			sourceTree = "<group>";
		};
		6F1E435F2567F11400C875AE /* Products */ = {
			isa = PBXGroup;
			children = (
				6F1E435E2567F11400C875AE /* OTP.app */,
			);
			name = Products;
			sourceTree = "<group>";
		};
		6F1E43602567F11400C875AE /* OTP */ = {
			isa = PBXGroup;
			children = (
				6F1E43612567F11400C875AE /* AppDelegate.swift */,
				6F1E43632567F11400C875AE /* SceneDelegate.swift */,
				6F1E43652567F11400C875AE /* ViewController.swift */,
				6F1E43672567F11400C875AE /* Main.storyboard */,
				6F1E436A2567F11600C875AE /* Assets.xcassets */,
				6F1E436C2567F11600C875AE /* LaunchScreen.storyboard */,
				6F1E436F2567F11600C875AE /* Info.plist */,
				6F25C3B52567F5A500B7C910 /* .gitignore */,
			);
			path = OTP;
			sourceTree = "<group>";
		};
/* End PBXGroup section */

/* Begin PBXNativeTarget section */
		6F1E435D2567F11400C875AE /* OTP */ = {
			isa = PBXNativeTarget;
			buildConfigurationList = 6F1E43722567F11600C875AE /* Build configuration list for PBXNativeTarget "OTP" */;
			buildPhases = (
				6F1E435A2567F11400C875AE /* Sources */,
				6F1E435B2567F11400C875AE /* Frameworks */,
				6F1E435C2567F11400C875AE /* Resources */,
			);
			buildRules = (
			);
			dependencies = (
			);
			name = OTP;
			productName = OTP;
			productReference = 6F1E435E2567F11400C875AE /* OTP.app */;
			productType = "com.apple.product-type.application";
		};
/* End PBXNativeTarget section */

/* Begin PBXProject section */
		6F1E43562567F11400C875AE /* Project object */ = {
			isa = PBXProject;
			attributes = {
				LastSwiftUpdateCheck = 1220;
				LastUpgradeCheck = 1220;
				TargetAttributes = {
					6F1E435D2567F11400C875AE = {
						CreatedOnToolsVersion = 12.2;
					};
				};
			};
			buildConfigurationList = 6F1E43592567F11400C875AE /* Build configuration list for PBXProject "OTP" */;
			compatibilityVersion = "Xcode 9.3";
			developmentRegion = en;
			hasScannedForEncodings = 0;
			knownRegions = (
				en,
				Base,
			);
			mainGroup = 6F1E43552567F11400C875AE;
			productRefGroup = 6F1E435F2567F11400C875AE /* Products */;
			projectDirPath = "";
			projectRoot = "";
			targets = (
				6F1E435D2567F11400C875AE /* OTP */,
			);
		};
/* End PBXProject section */

/* Begin PBXResourcesBuildPhase section */
		6F1E435C2567F11400C875AE /* Resources */ = {
			isa = PBXResourcesBuildPhase;
			buildActionMask = 2147483647;
			files = (
				6F25C3B62567F5A500B7C910 /* .gitignore in Resources */,
				6F1E436E2567F11600C875AE /* LaunchScreen.storyboard in Resources */,
				6F1E436B2567F11600C875AE /* Assets.xcassets in Resources */,
				6F1E43692567F11400C875AE /* Main.storyboard in Resources */,
			);
			runOnlyForDeploymentPostprocessing = 0;
		};
/* End PBXResourcesBuildPhase section */

/* Begin PBXSourcesBuildPhase section */
		6F1E435A2567F11400C875AE /* Sources */ = {
			isa = PBXSourcesBuildPhase;
			buildActionMask = 2147483647;
			files = (
				6F1E43662567F11400C875AE /* ViewController.swift in Sources */,
				6F1E43622567F11400C875AE /* AppDelegate.swift in Sources */,
				6F1E43642567F11400C875AE /* SceneDelegate.swift in Sources */,
			);
			runOnlyForDeploymentPostprocessing = 0;
		};
/* End PBXSourcesBuildPhase section */

/* Begin PBXVariantGroup section */
		6F1E43672567F11400C875AE /* Main.storyboard */ = {
			isa = PBXVariantGroup;
			children = (
				6F1E43682567F11400C875AE /* Base */,
			);
			name = Main.storyboard;
			sourceTree = "<group>";
		};
		6F1E436C2567F11600C875AE /* LaunchScreen.storyboard */ = {
			isa = PBXVariantGroup;
			children = (
				6F1E436D2567F11600C875AE /* Base */,
			);
			name = LaunchScreen.storyboard;
			sourceTree = "<group>";
		};
/* End PBXVariantGroup section */

/* Begin XCBuildConfiguration section */
		6F1E43702567F11600C875AE /* Debug */ = {
			isa = XCBuildConfiguration;
			buildSettings = {
				ALWAYS_SEARCH_USER_PATHS = NO;
				CLANG_ANALYZER_NONNULL = YES;
				CLANG_ANALYZER_NUMBER_OBJECT_CONVERSION = YES_AGGRESSIVE;
				CLANG_CXX_LANGUAGE_STANDARD = "gnu++14";
				CLANG_CXX_LIBRARY = "libc++";
				CLANG_ENABLE_MODULES = YES;
				CLANG_ENABLE_OBJC_ARC = YES;
				CLANG_ENABLE_OBJC_WEAK = YES;
				CLANG_WARN_BLOCK_CAPTURE_AUTORELEASING = YES;
				CLANG_WARN_BOOL_CONVERSION = YES;
				CLANG_WARN_COMMA = YES;
				CLANG_WARN_CONSTANT_CONVERSION = YES;
				CLANG_WARN_DEPRECATED_OBJC_IMPLEMENTATIONS = YES;
				CLANG_WARN_DIRECT_OBJC_ISA_USAGE = YES_ERROR;
				CLANG_WARN_DOCUMENTATION_COMMENTS = YES;
				CLANG_WARN_EMPTY_BODY = YES;
				CLANG_WARN_ENUM_CONVERSION = YES;
				CLANG_WARN_INFINITE_RECURSION = YES;
				CLANG_WARN_INT_CONVERSION = YES;
				CLANG_WARN_NON_LITERAL_NULL_CONVERSION = YES;
				CLANG_WARN_OBJC_IMPLICIT_RETAIN_SELF = YES;
				CLANG_WARN_OBJC_LITERAL_CONVERSION = YES;
				CLANG_WARN_OBJC_ROOT_CLASS = YES_ERROR;
				CLANG_WARN_QUOTED_INCLUDE_IN_FRAMEWORK_HEADER = YES;
				CLANG_WARN_RANGE_LOOP_ANALYSIS = YES;
				CLANG_WARN_STRICT_PROTOTYPES = YES;
				CLANG_WARN_SUSPICIOUS_MOVE = YES;
				CLANG_WARN_UNGUARDED_AVAILABILITY = YES_AGGRESSIVE;
				CLANG_WARN_UNREACHABLE_CODE = YES;
				CLANG_WARN__DUPLICATE_METHOD_MATCH = YES;
				COPY_PHASE_STRIP = NO;
				DEBUG_INFORMATION_FORMAT = dwarf;
				ENABLE_STRICT_OBJC_MSGSEND = YES;
				ENABLE_TESTABILITY = YES;
				GCC_C_LANGUAGE_STANDARD = gnu11;
				GCC_DYNAMIC_NO_PIC = NO;
				GCC_NO_COMMON_BLOCKS = YES;
				GCC_OPTIMIZATION_LEVEL = 0;
				GCC_PREPROCESSOR_DEFINITIONS = (
					"DEBUG=1",
					"$(inherited)",
				);
				GCC_WARN_64_TO_32_BIT_CONVERSION = YES;
				GCC_WARN_ABOUT_RETURN_TYPE = YES_ERROR;
				GCC_WARN_UNDECLARED_SELECTOR = YES;
				GCC_WARN_UNINITIALIZED_AUTOS = YES_AGGRESSIVE;
				GCC_WARN_UNUSED_FUNCTION = YES;
				GCC_WARN_UNUSED_VARIABLE = YES;
				IPHONEOS_DEPLOYMENT_TARGET = 14.2;
				MTL_ENABLE_DEBUG_INFO = INCLUDE_SOURCE;
				MTL_FAST_MATH = YES;
				ONLY_ACTIVE_ARCH = YES;
				SDKROOT = iphoneos;
				SWIFT_ACTIVE_COMPILATION_CONDITIONS = DEBUG;
				SWIFT_OPTIMIZATION_LEVEL = "-Onone";
			};
			name = Debug;
		};
		6F1E43712567F11600C875AE /* Release */ = {
			isa = XCBuildConfiguration;
			buildSettings = {
				ALWAYS_SEARCH_USER_PATHS = NO;
				CLANG_ANALYZER_NONNULL = YES;
				CLANG_ANALYZER_NUMBER_OBJECT_CONVERSION = YES_AGGRESSIVE;
				CLANG_CXX_LANGUAGE_STANDARD = "gnu++14";
				CLANG_CXX_LIBRARY = "libc++";
				CLANG_ENABLE_MODULES = YES;
				CLANG_ENABLE_OBJC_ARC = YES;
				CLANG_ENABLE_OBJC_WEAK = YES;
				CLANG_WARN_BLOCK_CAPTURE_AUTORELEASING = YES;
				CLANG_WARN_BOOL_CONVERSION = YES;
				CLANG_WARN_COMMA = YES;
				CLANG_WARN_CONSTANT_CONVERSION = YES;
				CLANG_WARN_DEPRECATED_OBJC_IMPLEMENTATIONS = YES;
				CLANG_WARN_DIRECT_OBJC_ISA_USAGE = YES_ERROR;
				CLANG_WARN_DOCUMENTATION_COMMENTS = YES;
				CLANG_WARN_EMPTY_BODY = YES;
				CLANG_WARN_ENUM_CONVERSION = YES;
				CLANG_WARN_INFINITE_RECURSION = YES;
				CLANG_WARN_INT_CONVERSION = YES;
				CLANG_WARN_NON_LITERAL_NULL_CONVERSION = YES;
				CLANG_WARN_OBJC_IMPLICIT_RETAIN_SELF = YES;
				CLANG_WARN_OBJC_LITERAL_CONVERSION = YES;
				CLANG_WARN_OBJC_ROOT_CLASS = YES_ERROR;
				CLANG_WARN_QUOTED_INCLUDE_IN_FRAMEWORK_HEADER = YES;
				CLANG_WARN_RANGE_LOOP_ANALYSIS = YES;
				CLANG_WARN_STRICT_PROTOTYPES = YES;
				CLANG_WARN_SUSPICIOUS_MOVE = YES;
				CLANG_WARN_UNGUARDED_AVAILABILITY = YES_AGGRESSIVE;
				CLANG_WARN_UNREACHABLE_CODE = YES;
				CLANG_WARN__DUPLICATE_METHOD_MATCH = YES;
				COPY_PHASE_STRIP = NO;
				DEBUG_INFORMATION_FORMAT = "dwarf-with-dsym";
				ENABLE_NS_ASSERTIONS = NO;
				ENABLE_STRICT_OBJC_MSGSEND = YES;
				GCC_C_LANGUAGE_STANDARD = gnu11;
				GCC_NO_COMMON_BLOCKS = YES;
				GCC_WARN_64_TO_32_BIT_CONVERSION = YES;
				GCC_WARN_ABOUT_RETURN_TYPE = YES_ERROR;
				GCC_WARN_UNDECLARED_SELECTOR = YES;
				GCC_WARN_UNINITIALIZED_AUTOS = YES_AGGRESSIVE;
				GCC_WARN_UNUSED_FUNCTION = YES;
				GCC_WARN_UNUSED_VARIABLE = YES;
				IPHONEOS_DEPLOYMENT_TARGET = 14.2;
				MTL_ENABLE_DEBUG_INFO = NO;
				MTL_FAST_MATH = YES;
				SDKROOT = iphoneos;
				SWIFT_COMPILATION_MODE = wholemodule;
				SWIFT_OPTIMIZATION_LEVEL = "-O";
				VALIDATE_PRODUCT = YES;
			};
			name = Release;
		};
		6F1E43732567F11600C875AE /* Debug */ = {
			isa = XCBuildConfiguration;
			buildSettings = {
				ASSETCATALOG_COMPILER_APPICON_NAME = AppIcon;
				ASSETCATALOG_COMPILER_GLOBAL_ACCENT_COLOR_NAME = AccentColor;
				CODE_SIGN_STYLE = Automatic;
				DEVELOPMENT_TEAM = A9D7992LUJ;
				INFOPLIST_FILE = OTP/Info.plist;
				LD_RUNPATH_SEARCH_PATHS = (
					"$(inherited)",
					"@executable_path/Frameworks",
				);
				PRODUCT_BUNDLE_IDENTIFIER = "Michael-Sidoruk.com.OTP";
				PRODUCT_NAME = "$(TARGET_NAME)";
				SWIFT_VERSION = 5.0;
				TARGETED_DEVICE_FAMILY = "1,2";
			};
			name = Debug;
		};
		6F1E43742567F11600C875AE /* Release */ = {
			isa = XCBuildConfiguration;
			buildSettings = {
				ASSETCATALOG_COMPILER_APPICON_NAME = AppIcon;
				ASSETCATALOG_COMPILER_GLOBAL_ACCENT_COLOR_NAME = AccentColor;
				CODE_SIGN_STYLE = Automatic;
				DEVELOPMENT_TEAM = A9D7992LUJ;
				INFOPLIST_FILE = OTP/Info.plist;
				LD_RUNPATH_SEARCH_PATHS = (
					"$(inherited)",
					"@executable_path/Frameworks",
				);
				PRODUCT_BUNDLE_IDENTIFIER = "Michael-Sidoruk.com.OTP";
				PRODUCT_NAME = "$(TARGET_NAME)";
				SWIFT_VERSION = 5.0;
				TARGETED_DEVICE_FAMILY = "1,2";
			};
			name = Release;
		};
/* End XCBuildConfiguration section */

/* Begin XCConfigurationList section */
		6F1E43592567F11400C875AE /* Build configuration list for PBXProject "OTP" */ = {
			isa = XCConfigurationList;
			buildConfigurations = (
				6F1E43702567F11600C875AE /* Debug */,
				6F1E43712567F11600C875AE /* Release */,
			);
			defaultConfigurationIsVisible = 0;
			defaultConfigurationName = Release;
		};
		6F1E43722567F11600C875AE /* Build configuration list for PBXNativeTarget "OTP" */ = {
			isa = XCConfigurationList;
			buildConfigurations = (
				6F1E43732567F11600C875AE /* Debug */,
				6F1E43742567F11600C875AE /* Release */,
			);
			defaultConfigurationIsVisible = 0;
			defaultConfigurationName = Release;
		};
/* End XCConfigurationList section */
	};
	rootObject = 6F1E43562567F11400C875AE /* Project object */;
}
